
Microsoft Visual Studio Solution File, Format Version 12.00
# Visual Studio Version 16
VisualStudioVersion = 16.0.30225.117
MinimumVisualStudioVersion = 10.0.40219.1
Project("{FAE04EC0-301F-11D3-BF4B-00C04F79EFBC}") = "Mars", "Mars\Mars.csproj", "{031B697B-7E21-4B17-8379-EBEFD1C42C3D}"
EndProject
Project("{FAE04EC0-301F-11D3-BF4B-00C04F79EFBC}") = "Mars.UnitTests", "Mars.UnitTests\Mars.UnitTests.csproj", "{FEDBF9BF-21BC-4009-AE20-4C97E671D146}"
EndProject
Global
	GlobalSection(SolutionConfigurationPlatforms) = preSolution
		Debug|Any CPU = Debug|Any CPU
		Release|Any CPU = Release|Any CPU
	EndGlobalSection
	GlobalSection(ProjectConfigurationPlatforms) = postSolution
		{031B697B-7E21-4B17-8379-EBEFD1C42C3D}.Debug|Any CPU.ActiveCfg = Debug|Any CPU
		{031B697B-7E21-4B17-8379-EBEFD1C42C3D}.Debug|Any CPU.Build.0 = Debug|Any CPU
		{031B697B-7E21-4B17-8379-EBEFD1C42C3D}.Release|Any CPU.ActiveCfg = Release|Any CPU
		{031B697B-7E21-4B17-8379-EBEFD1C42C3D}.Release|Any CPU.Build.0 = Release|Any CPU
		{FEDBF9BF-21BC-4009-AE20-4C97E671D146}.Debug|Any CPU.ActiveCfg = Debug|Any CPU
		{FEDBF9BF-21BC-4009-AE20-4C97E671D146}.Debug|Any CPU.Build.0 = Debug|Any CPU
		{FEDBF9BF-21BC-4009-AE20-4C97E671D146}.Release|Any CPU.ActiveCfg = Release|Any CPU
		{FEDBF9BF-21BC-4009-AE20-4C97E671D146}.Release|Any CPU.Build.0 = Release|Any CPU
	EndGlobalSection
	GlobalSection(SolutionProperties) = preSolution
		HideSolutionNode = FALSE
	EndGlobalSection
	GlobalSection(ExtensibilityGlobals) = postSolution
		SolutionGuid = {2FDCF7EB-7762-4FF4-AD9A-C3304E493587}
	EndGlobalSection
EndGlobal
